// !$*UTF8*$!
{
	archiveVersion = 1;
	classes = {
	};
	objectVersion = 56;
	objects = {

/* Begin PBXBuildFile section */
		CE155D962B6C81EB00F1C709 /* WaypointCell.swift in Sources */ = {isa = PBXBuildFile; fileRef = CE155D952B6C81EA00F1C709 /* WaypointCell.swift */; };
		CE155D982B6C8E7F00F1C709 /* TripsDataSource.swift in Sources */ = {isa = PBXBuildFile; fileRef = CE155D972B6C8E7F00F1C709 /* TripsDataSource.swift */; };
		CE155D9A2B6C8EAB00F1C709 /* APIService.swift in Sources */ = {isa = PBXBuildFile; fileRef = CE155D992B6C8EAB00F1C709 /* APIService.swift */; };
		CE155D9C2B6C914B00F1C709 /* Constants.swift in Sources */ = {isa = PBXBuildFile; fileRef = CE155D9B2B6C914B00F1C709 /* Constants.swift */; };
		CE155D9E2B6C940800F1C709 /* TripsResponse.swift in Sources */ = {isa = PBXBuildFile; fileRef = CE155D9D2B6C940800F1C709 /* TripsResponse.swift */; };
		CE155DA02B6C942000F1C709 /* TripModel.swift in Sources */ = {isa = PBXBuildFile; fileRef = CE155D9F2B6C942000F1C709 /* TripModel.swift */; };
		CE155DA22B6C943400F1C709 /* PassengerModel.swift in Sources */ = {isa = PBXBuildFile; fileRef = CE155DA12B6C943400F1C709 /* PassengerModel.swift */; };
		CE155DA42B6C944200F1C709 /* PlannedRouteModel.swift in Sources */ = {isa = PBXBuildFile; fileRef = CE155DA32B6C944200F1C709 /* PlannedRouteModel.swift */; };
		CE155DA62B6C945100F1C709 /* LegModel.swift in Sources */ = {isa = PBXBuildFile; fileRef = CE155DA52B6C945100F1C709 /* LegModel.swift */; };
		CE155DA82B6C945E00F1C709 /* WaypointModel.swift in Sources */ = {isa = PBXBuildFile; fileRef = CE155DA72B6C945E00F1C709 /* WaypointModel.swift */; };
		CE155DAA2B6C946A00F1C709 /* LocationModel.swift in Sources */ = {isa = PBXBuildFile; fileRef = CE155DA92B6C946900F1C709 /* LocationModel.swift */; };
		CE17AB632B6AE3F9009EE16F /* TripDetailsViewController.swift in Sources */ = {isa = PBXBuildFile; fileRef = CE17AB622B6AE3F9009EE16F /* TripDetailsViewController.swift */; };
		CE17AB652B6AE7E3009EE16F /* TripHeaderView.swift in Sources */ = {isa = PBXBuildFile; fileRef = CE17AB642B6AE7E3009EE16F /* TripHeaderView.swift */; };
		CE17AB672B6AF441009EE16F /* TripViewModel.swift in Sources */ = {isa = PBXBuildFile; fileRef = CE17AB662B6AF441009EE16F /* TripViewModel.swift */; };
		CE17AB692B6B1758009EE16F /* Helpers.swift in Sources */ = {isa = PBXBuildFile; fileRef = CE17AB682B6B1758009EE16F /* Helpers.swift */; };
		CE17AB712B6B1D91009EE16F /* TripHeaderViewModel.swift in Sources */ = {isa = PBXBuildFile; fileRef = CE17AB702B6B1D91009EE16F /* TripHeaderViewModel.swift */; };
		CE17AB732B6B1DFF009EE16F /* TripDetailsViewModel.swift in Sources */ = {isa = PBXBuildFile; fileRef = CE17AB722B6B1DFF009EE16F /* TripDetailsViewModel.swift */; };
		CE5DB0E42B696ACD0021D231 /* AppDelegate.swift in Sources */ = {isa = PBXBuildFile; fileRef = CE5DB0E32B696ACD0021D231 /* AppDelegate.swift */; };
		CE5DB0E62B696ACD0021D231 /* SceneDelegate.swift in Sources */ = {isa = PBXBuildFile; fileRef = CE5DB0E52B696ACD0021D231 /* SceneDelegate.swift */; };
		CE5DB0E82B696ACD0021D231 /* TripsViewController.swift in Sources */ = {isa = PBXBuildFile; fileRef = CE5DB0E72B696ACD0021D231 /* TripsViewController.swift */; };
		CE5DB0ED2B696AD10021D231 /* Assets.xcassets in Resources */ = {isa = PBXBuildFile; fileRef = CE5DB0EC2B696AD10021D231 /* Assets.xcassets */; };
		CE5DB0F02B696AD10021D231 /* LaunchScreen.storyboard in Resources */ = {isa = PBXBuildFile; fileRef = CE5DB0EE2B696AD10021D231 /* LaunchScreen.storyboard */; };
		CE5DB0FB2B696AD10021D231 /* HopSkipDriveTests.swift in Sources */ = {isa = PBXBuildFile; fileRef = CE5DB0FA2B696AD10021D231 /* HopSkipDriveTests.swift */; };
		CE5DB1052B696AD10021D231 /* HopSkipDriveUITests.swift in Sources */ = {isa = PBXBuildFile; fileRef = CE5DB1042B696AD10021D231 /* HopSkipDriveUITests.swift */; };
		CE5DB1072B696AD10021D231 /* HopSkipDriveUITestsLaunchTests.swift in Sources */ = {isa = PBXBuildFile; fileRef = CE5DB1062B696AD10021D231 /* HopSkipDriveUITestsLaunchTests.swift */; };
		CE5DB1142B6973CA0021D231 /* TripCell.swift in Sources */ = {isa = PBXBuildFile; fileRef = CE5DB1132B6973CA0021D231 /* TripCell.swift */; };
		CE8369042B703D40006CCAC8 /* CustomPinAnnotation.swift in Sources */ = {isa = PBXBuildFile; fileRef = CE8369032B703D40006CCAC8 /* CustomPinAnnotation.swift */; };
		CEC7E5002B7061BC00F4E83C /* CustomAlertViewController.swift in Sources */ = {isa = PBXBuildFile; fileRef = CEC7E4FF2B7061BC00F4E83C /* CustomAlertViewController.swift */; };
		CEC7E5022B708F6D00F4E83C /* Extensions.swift in Sources */ = {isa = PBXBuildFile; fileRef = CEC7E5012B708F6D00F4E83C /* Extensions.swift */; };
/* End PBXBuildFile section */

/* Begin PBXContainerItemProxy section */
		CE5DB0F72B696AD10021D231 /* PBXContainerItemProxy */ = {
			isa = PBXContainerItemProxy;
			containerPortal = CE5DB0D82B696ACD0021D231 /* Project object */;
			proxyType = 1;
			remoteGlobalIDString = CE5DB0DF2B696ACD0021D231;
			remoteInfo = HopSkipDrive;
		};
		CE5DB1012B696AD10021D231 /* PBXContainerItemProxy */ = {
			isa = PBXContainerItemProxy;
			containerPortal = CE5DB0D82B696ACD0021D231 /* Project object */;
			proxyType = 1;
			remoteGlobalIDString = CE5DB0DF2B696ACD0021D231;
			remoteInfo = HopSkipDrive;
		};
/* End PBXContainerItemProxy section */

/* Begin PBXFileReference section */
		CE155D952B6C81EA00F1C709 /* WaypointCell.swift */ = {isa = PBXFileReference; lastKnownFileType = sourcecode.swift; path = WaypointCell.swift; sourceTree = "<group>"; };
		CE155D972B6C8E7F00F1C709 /* TripsDataSource.swift */ = {isa = PBXFileReference; lastKnownFileType = sourcecode.swift; path = TripsDataSource.swift; sourceTree = "<group>"; };
		CE155D992B6C8EAB00F1C709 /* APIService.swift */ = {isa = PBXFileReference; lastKnownFileType = sourcecode.swift; path = APIService.swift; sourceTree = "<group>"; };
		CE155D9B2B6C914B00F1C709 /* Constants.swift */ = {isa = PBXFileReference; lastKnownFileType = sourcecode.swift; path = Constants.swift; sourceTree = "<group>"; };
		CE155D9D2B6C940800F1C709 /* TripsResponse.swift */ = {isa = PBXFileReference; lastKnownFileType = sourcecode.swift; path = TripsResponse.swift; sourceTree = "<group>"; };
		CE155D9F2B6C942000F1C709 /* TripModel.swift */ = {isa = PBXFileReference; lastKnownFileType = sourcecode.swift; path = TripModel.swift; sourceTree = "<group>"; };
		CE155DA12B6C943400F1C709 /* PassengerModel.swift */ = {isa = PBXFileReference; lastKnownFileType = sourcecode.swift; path = PassengerModel.swift; sourceTree = "<group>"; };
		CE155DA32B6C944200F1C709 /* PlannedRouteModel.swift */ = {isa = PBXFileReference; lastKnownFileType = sourcecode.swift; path = PlannedRouteModel.swift; sourceTree = "<group>"; };
		CE155DA52B6C945100F1C709 /* LegModel.swift */ = {isa = PBXFileReference; lastKnownFileType = sourcecode.swift; path = LegModel.swift; sourceTree = "<group>"; };
		CE155DA72B6C945E00F1C709 /* WaypointModel.swift */ = {isa = PBXFileReference; lastKnownFileType = sourcecode.swift; path = WaypointModel.swift; sourceTree = "<group>"; };
		CE155DA92B6C946900F1C709 /* LocationModel.swift */ = {isa = PBXFileReference; lastKnownFileType = sourcecode.swift; path = LocationModel.swift; sourceTree = "<group>"; };
		CE17AB622B6AE3F9009EE16F /* TripDetailsViewController.swift */ = {isa = PBXFileReference; lastKnownFileType = sourcecode.swift; path = TripDetailsViewController.swift; sourceTree = "<group>"; };
		CE17AB642B6AE7E3009EE16F /* TripHeaderView.swift */ = {isa = PBXFileReference; lastKnownFileType = sourcecode.swift; path = TripHeaderView.swift; sourceTree = "<group>"; };
		CE17AB662B6AF441009EE16F /* TripViewModel.swift */ = {isa = PBXFileReference; lastKnownFileType = sourcecode.swift; path = TripViewModel.swift; sourceTree = "<group>"; };
		CE17AB682B6B1758009EE16F /* Helpers.swift */ = {isa = PBXFileReference; lastKnownFileType = sourcecode.swift; path = Helpers.swift; sourceTree = "<group>"; };
		CE17AB702B6B1D91009EE16F /* TripHeaderViewModel.swift */ = {isa = PBXFileReference; lastKnownFileType = sourcecode.swift; path = TripHeaderViewModel.swift; sourceTree = "<group>"; };
		CE17AB722B6B1DFF009EE16F /* TripDetailsViewModel.swift */ = {isa = PBXFileReference; lastKnownFileType = sourcecode.swift; path = TripDetailsViewModel.swift; sourceTree = "<group>"; };
		CE5DB0E02B696ACD0021D231 /* HopSkipDrive.app */ = {isa = PBXFileReference; explicitFileType = wrapper.application; includeInIndex = 0; path = HopSkipDrive.app; sourceTree = BUILT_PRODUCTS_DIR; };
		CE5DB0E32B696ACD0021D231 /* AppDelegate.swift */ = {isa = PBXFileReference; lastKnownFileType = sourcecode.swift; path = AppDelegate.swift; sourceTree = "<group>"; };
		CE5DB0E52B696ACD0021D231 /* SceneDelegate.swift */ = {isa = PBXFileReference; lastKnownFileType = sourcecode.swift; path = SceneDelegate.swift; sourceTree = "<group>"; };
		CE5DB0E72B696ACD0021D231 /* TripsViewController.swift */ = {isa = PBXFileReference; lastKnownFileType = sourcecode.swift; path = TripsViewController.swift; sourceTree = "<group>"; };
		CE5DB0EC2B696AD10021D231 /* Assets.xcassets */ = {isa = PBXFileReference; lastKnownFileType = folder.assetcatalog; path = Assets.xcassets; sourceTree = "<group>"; };
		CE5DB0EF2B696AD10021D231 /* Base */ = {isa = PBXFileReference; lastKnownFileType = file.storyboard; name = Base; path = Base.lproj/LaunchScreen.storyboard; sourceTree = "<group>"; };
		CE5DB0F12B696AD10021D231 /* Info.plist */ = {isa = PBXFileReference; lastKnownFileType = text.plist.xml; path = Info.plist; sourceTree = "<group>"; };
		CE5DB0F62B696AD10021D231 /* HopSkipDriveTests.xctest */ = {isa = PBXFileReference; explicitFileType = wrapper.cfbundle; includeInIndex = 0; path = HopSkipDriveTests.xctest; sourceTree = BUILT_PRODUCTS_DIR; };
		CE5DB0FA2B696AD10021D231 /* HopSkipDriveTests.swift */ = {isa = PBXFileReference; lastKnownFileType = sourcecode.swift; path = HopSkipDriveTests.swift; sourceTree = "<group>"; };
		CE5DB1002B696AD10021D231 /* HopSkipDriveUITests.xctest */ = {isa = PBXFileReference; explicitFileType = wrapper.cfbundle; includeInIndex = 0; path = HopSkipDriveUITests.xctest; sourceTree = BUILT_PRODUCTS_DIR; };
		CE5DB1042B696AD10021D231 /* HopSkipDriveUITests.swift */ = {isa = PBXFileReference; lastKnownFileType = sourcecode.swift; path = HopSkipDriveUITests.swift; sourceTree = "<group>"; };
		CE5DB1062B696AD10021D231 /* HopSkipDriveUITestsLaunchTests.swift */ = {isa = PBXFileReference; lastKnownFileType = sourcecode.swift; path = HopSkipDriveUITestsLaunchTests.swift; sourceTree = "<group>"; };
		CE5DB1132B6973CA0021D231 /* TripCell.swift */ = {isa = PBXFileReference; lastKnownFileType = sourcecode.swift; path = TripCell.swift; sourceTree = "<group>"; };
		CE8369032B703D40006CCAC8 /* CustomPinAnnotation.swift */ = {isa = PBXFileReference; lastKnownFileType = sourcecode.swift; path = CustomPinAnnotation.swift; sourceTree = "<group>"; };
		CEC7E4FF2B7061BC00F4E83C /* CustomAlertViewController.swift */ = {isa = PBXFileReference; lastKnownFileType = sourcecode.swift; path = CustomAlertViewController.swift; sourceTree = "<group>"; };
		CEC7E5012B708F6D00F4E83C /* Extensions.swift */ = {isa = PBXFileReference; lastKnownFileType = sourcecode.swift; path = Extensions.swift; sourceTree = "<group>"; };
/* End PBXFileReference section */

/* Begin PBXFrameworksBuildPhase section */
		CE5DB0DD2B696ACD0021D231 /* Frameworks */ = {
			isa = PBXFrameworksBuildPhase;
			buildActionMask = 2147483647;
			files = (
			);
			runOnlyForDeploymentPostprocessing = 0;
		};
		CE5DB0F32B696AD10021D231 /* Frameworks */ = {
			isa = PBXFrameworksBuildPhase;
			buildActionMask = 2147483647;
			files = (
			);
			runOnlyForDeploymentPostprocessing = 0;
		};
		CE5DB0FD2B696AD10021D231 /* Frameworks */ = {
			isa = PBXFrameworksBuildPhase;
			buildActionMask = 2147483647;
			files = (
			);
			runOnlyForDeploymentPostprocessing = 0;
		};
/* End PBXFrameworksBuildPhase section */

/* Begin PBXGroup section */
		CE17AB6A2B6B1B63009EE16F /* Views */ = {
			isa = PBXGroup;
			children = (
				CE8369032B703D40006CCAC8 /* CustomPinAnnotation.swift */,
				CE17AB642B6AE7E3009EE16F /* TripHeaderView.swift */,
				CE5DB1132B6973CA0021D231 /* TripCell.swift */,
				CE155D952B6C81EA00F1C709 /* WaypointCell.swift */,
			);
			path = Views;
			sourceTree = "<group>";
		};
		CE17AB6B2B6B1B75009EE16F /* API */ = {
			isa = PBXGroup;
			children = (
				CE155D972B6C8E7F00F1C709 /* TripsDataSource.swift */,
				CE155D992B6C8EAB00F1C709 /* APIService.swift */,
			);
			path = API;
			sourceTree = "<group>";
		};
		CE17AB6C2B6B1B7A009EE16F /* Helpers */ = {
			isa = PBXGroup;
			children = (
				CE155D9B2B6C914B00F1C709 /* Constants.swift */,
				CEC7E5012B708F6D00F4E83C /* Extensions.swift */,
				CE17AB682B6B1758009EE16F /* Helpers.swift */,
			);
			path = Helpers;
			sourceTree = "<group>";
		};
		CE17AB6D2B6B1B85009EE16F /* Models */ = {
			isa = PBXGroup;
			children = (
				CE155D9D2B6C940800F1C709 /* TripsResponse.swift */,
				CE155D9F2B6C942000F1C709 /* TripModel.swift */,
				CE155DA12B6C943400F1C709 /* PassengerModel.swift */,
				CE155DA32B6C944200F1C709 /* PlannedRouteModel.swift */,
				CE155DA52B6C945100F1C709 /* LegModel.swift */,
				CE155DA72B6C945E00F1C709 /* WaypointModel.swift */,
				CE155DA92B6C946900F1C709 /* LocationModel.swift */,
			);
			path = Models;
			sourceTree = "<group>";
		};
		CE17AB6E2B6B1B8A009EE16F /* View Controllers */ = {
			isa = PBXGroup;
			children = (
				CEC7E4FF2B7061BC00F4E83C /* CustomAlertViewController.swift */,
				CE17AB622B6AE3F9009EE16F /* TripDetailsViewController.swift */,
				CE5DB0E72B696ACD0021D231 /* TripsViewController.swift */,
			);
			path = "View Controllers";
			sourceTree = "<group>";
		};
		CE17AB6F2B6B1B98009EE16F /* View Models */ = {
			isa = PBXGroup;
			children = (
				CE17AB722B6B1DFF009EE16F /* TripDetailsViewModel.swift */,
				CE17AB702B6B1D91009EE16F /* TripHeaderViewModel.swift */,
				CE17AB662B6AF441009EE16F /* TripViewModel.swift */,
			);
			path = "View Models";
			sourceTree = "<group>";
		};
		CE5DB0D72B696ACD0021D231 = {
			isa = PBXGroup;
			children = (
				CE5DB0E22B696ACD0021D231 /* HopSkipDrive */,
				CE5DB0F92B696AD10021D231 /* HopSkipDriveTests */,
				CE5DB1032B696AD10021D231 /* HopSkipDriveUITests */,
				CE5DB0E12B696ACD0021D231 /* Products */,
			);
			sourceTree = "<group>";
		};
		CE5DB0E12B696ACD0021D231 /* Products */ = {
			isa = PBXGroup;
			children = (
				CE5DB0E02B696ACD0021D231 /* HopSkipDrive.app */,
				CE5DB0F62B696AD10021D231 /* HopSkipDriveTests.xctest */,
				CE5DB1002B696AD10021D231 /* HopSkipDriveUITests.xctest */,
			);
			name = Products;
			sourceTree = "<group>";
		};
		CE5DB0E22B696ACD0021D231 /* HopSkipDrive */ = {
			isa = PBXGroup;
			children = (
				CE17AB6F2B6B1B98009EE16F /* View Models */,
				CE17AB6E2B6B1B8A009EE16F /* View Controllers */,
				CE17AB6D2B6B1B85009EE16F /* Models */,
				CE17AB6C2B6B1B7A009EE16F /* Helpers */,
				CE17AB6B2B6B1B75009EE16F /* API */,
				CE17AB6A2B6B1B63009EE16F /* Views */,
				CE5DB0F12B696AD10021D231 /* Info.plist */,
				CE5DB0E32B696ACD0021D231 /* AppDelegate.swift */,
				CE5DB0E52B696ACD0021D231 /* SceneDelegate.swift */,
				CE5DB0EC2B696AD10021D231 /* Assets.xcassets */,
				CE5DB0EE2B696AD10021D231 /* LaunchScreen.storyboard */,
			);
			path = HopSkipDrive;
			sourceTree = "<group>";
		};
		CE5DB0F92B696AD10021D231 /* HopSkipDriveTests */ = {
			isa = PBXGroup;
			children = (
				CE5DB0FA2B696AD10021D231 /* HopSkipDriveTests.swift */,
			);
			path = HopSkipDriveTests;
			sourceTree = "<group>";
		};
		CE5DB1032B696AD10021D231 /* HopSkipDriveUITests */ = {
			isa = PBXGroup;
			children = (
				CE5DB1042B696AD10021D231 /* HopSkipDriveUITests.swift */,
				CE5DB1062B696AD10021D231 /* HopSkipDriveUITestsLaunchTests.swift */,
			);
			path = HopSkipDriveUITests;
			sourceTree = "<group>";
		};
/* End PBXGroup section */

/* Begin PBXNativeTarget section */
		CE5DB0DF2B696ACD0021D231 /* HopSkipDrive */ = {
			isa = PBXNativeTarget;
			buildConfigurationList = CE5DB10A2B696AD10021D231 /* Build configuration list for PBXNativeTarget "HopSkipDrive" */;
			buildPhases = (
				CE5DB0DC2B696ACD0021D231 /* Sources */,
				CE5DB0DD2B696ACD0021D231 /* Frameworks */,
				CE5DB0DE2B696ACD0021D231 /* Resources */,
			);
			buildRules = (
			);
			dependencies = (
			);
			name = HopSkipDrive;
			productName = HopSkipDrive;
			productReference = CE5DB0E02B696ACD0021D231 /* HopSkipDrive.app */;
			productType = "com.apple.product-type.application";
		};
		CE5DB0F52B696AD10021D231 /* HopSkipDriveTests */ = {
			isa = PBXNativeTarget;
			buildConfigurationList = CE5DB10D2B696AD10021D231 /* Build configuration list for PBXNativeTarget "HopSkipDriveTests" */;
			buildPhases = (
				CE5DB0F22B696AD10021D231 /* Sources */,
				CE5DB0F32B696AD10021D231 /* Frameworks */,
				CE5DB0F42B696AD10021D231 /* Resources */,
			);
			buildRules = (
			);
			dependencies = (
				CE5DB0F82B696AD10021D231 /* PBXTargetDependency */,
			);
			name = HopSkipDriveTests;
			productName = HopSkipDriveTests;
			productReference = CE5DB0F62B696AD10021D231 /* HopSkipDriveTests.xctest */;
			productType = "com.apple.product-type.bundle.unit-test";
		};
		CE5DB0FF2B696AD10021D231 /* HopSkipDriveUITests */ = {
			isa = PBXNativeTarget;
			buildConfigurationList = CE5DB1102B696AD10021D231 /* Build configuration list for PBXNativeTarget "HopSkipDriveUITests" */;
			buildPhases = (
				CE5DB0FC2B696AD10021D231 /* Sources */,
				CE5DB0FD2B696AD10021D231 /* Frameworks */,
				CE5DB0FE2B696AD10021D231 /* Resources */,
			);
			buildRules = (
			);
			dependencies = (
				CE5DB1022B696AD10021D231 /* PBXTargetDependency */,
			);
			name = HopSkipDriveUITests;
			productName = HopSkipDriveUITests;
			productReference = CE5DB1002B696AD10021D231 /* HopSkipDriveUITests.xctest */;
			productType = "com.apple.product-type.bundle.ui-testing";
		};
/* End PBXNativeTarget section */

/* Begin PBXProject section */
		CE5DB0D82B696ACD0021D231 /* Project object */ = {
			isa = PBXProject;
			attributes = {
				BuildIndependentTargetsInParallel = 1;
				LastSwiftUpdateCheck = 1430;
				LastUpgradeCheck = 1430;
				TargetAttributes = {
					CE5DB0DF2B696ACD0021D231 = {
						CreatedOnToolsVersion = 14.3.1;
					};
					CE5DB0F52B696AD10021D231 = {
						CreatedOnToolsVersion = 14.3.1;
						TestTargetID = CE5DB0DF2B696ACD0021D231;
					};
					CE5DB0FF2B696AD10021D231 = {
						CreatedOnToolsVersion = 14.3.1;
						TestTargetID = CE5DB0DF2B696ACD0021D231;
					};
				};
			};
			buildConfigurationList = CE5DB0DB2B696ACD0021D231 /* Build configuration list for PBXProject "HopSkipDrive" */;
			compatibilityVersion = "Xcode 14.0";
			developmentRegion = en;
			hasScannedForEncodings = 0;
			knownRegions = (
				en,
				Base,
			);
			mainGroup = CE5DB0D72B696ACD0021D231;
			productRefGroup = CE5DB0E12B696ACD0021D231 /* Products */;
			projectDirPath = "";
			projectRoot = "";
			targets = (
				CE5DB0DF2B696ACD0021D231 /* HopSkipDrive */,
				CE5DB0F52B696AD10021D231 /* HopSkipDriveTests */,
				CE5DB0FF2B696AD10021D231 /* HopSkipDriveUITests */,
			);
		};
/* End PBXProject section */

/* Begin PBXResourcesBuildPhase section */
		CE5DB0DE2B696ACD0021D231 /* Resources */ = {
			isa = PBXResourcesBuildPhase;
			buildActionMask = 2147483647;
			files = (
				CE5DB0F02B696AD10021D231 /* LaunchScreen.storyboard in Resources */,
				CE5DB0ED2B696AD10021D231 /* Assets.xcassets in Resources */,
			);
			runOnlyForDeploymentPostprocessing = 0;
		};
		CE5DB0F42B696AD10021D231 /* Resources */ = {
			isa = PBXResourcesBuildPhase;
			buildActionMask = 2147483647;
			files = (
			);
			runOnlyForDeploymentPostprocessing = 0;
		};
		CE5DB0FE2B696AD10021D231 /* Resources */ = {
			isa = PBXResourcesBuildPhase;
			buildActionMask = 2147483647;
			files = (
			);
			runOnlyForDeploymentPostprocessing = 0;
		};
/* End PBXResourcesBuildPhase section */

/* Begin PBXSourcesBuildPhase section */
		CE5DB0DC2B696ACD0021D231 /* Sources */ = {
			isa = PBXSourcesBuildPhase;
			buildActionMask = 2147483647;
			files = (
				CE155D962B6C81EB00F1C709 /* WaypointCell.swift in Sources */,
				CE155D9A2B6C8EAB00F1C709 /* APIService.swift in Sources */,
				CE155D982B6C8E7F00F1C709 /* TripsDataSource.swift in Sources */,
				CE155DAA2B6C946A00F1C709 /* LocationModel.swift in Sources */,
				CE17AB672B6AF441009EE16F /* TripViewModel.swift in Sources */,
				CE155DA82B6C945E00F1C709 /* WaypointModel.swift in Sources */,
				CE17AB632B6AE3F9009EE16F /* TripDetailsViewController.swift in Sources */,
				CE155DA02B6C942000F1C709 /* TripModel.swift in Sources */,
				CE155D9C2B6C914B00F1C709 /* Constants.swift in Sources */,
				CEC7E5002B7061BC00F4E83C /* CustomAlertViewController.swift in Sources */,
				CE155D9E2B6C940800F1C709 /* TripsResponse.swift in Sources */,
				CE8369042B703D40006CCAC8 /* CustomPinAnnotation.swift in Sources */,
				CE5DB1142B6973CA0021D231 /* TripCell.swift in Sources */,
				CE155DA62B6C945100F1C709 /* LegModel.swift in Sources */,
				CE17AB692B6B1758009EE16F /* Helpers.swift in Sources */,
				CE17AB732B6B1DFF009EE16F /* TripDetailsViewModel.swift in Sources */,
				CE5DB0E82B696ACD0021D231 /* TripsViewController.swift in Sources */,
				CE17AB712B6B1D91009EE16F /* TripHeaderViewModel.swift in Sources */,
				CE155DA22B6C943400F1C709 /* PassengerModel.swift in Sources */,
				CEC7E5022B708F6D00F4E83C /* Extensions.swift in Sources */,
				CE155DA42B6C944200F1C709 /* PlannedRouteModel.swift in Sources */,
				CE5DB0E42B696ACD0021D231 /* AppDelegate.swift in Sources */,
				CE17AB652B6AE7E3009EE16F /* TripHeaderView.swift in Sources */,
				CE5DB0E62B696ACD0021D231 /* SceneDelegate.swift in Sources */,
			);
			runOnlyForDeploymentPostprocessing = 0;
		};
		CE5DB0F22B696AD10021D231 /* Sources */ = {
			isa = PBXSourcesBuildPhase;
			buildActionMask = 2147483647;
			files = (
				CE5DB0FB2B696AD10021D231 /* HopSkipDriveTests.swift in Sources */,
			);
			runOnlyForDeploymentPostprocessing = 0;
		};
		CE5DB0FC2B696AD10021D231 /* Sources */ = {
			isa = PBXSourcesBuildPhase;
			buildActionMask = 2147483647;
			files = (
				CE5DB1072B696AD10021D231 /* HopSkipDriveUITestsLaunchTests.swift in Sources */,
				CE5DB1052B696AD10021D231 /* HopSkipDriveUITests.swift in Sources */,
			);
			runOnlyForDeploymentPostprocessing = 0;
		};
/* End PBXSourcesBuildPhase section */

/* Begin PBXTargetDependency section */
		CE5DB0F82B696AD10021D231 /* PBXTargetDependency */ = {
			isa = PBXTargetDependency;
			target = CE5DB0DF2B696ACD0021D231 /* HopSkipDrive */;
			targetProxy = CE5DB0F72B696AD10021D231 /* PBXContainerItemProxy */;
		};
		CE5DB1022B696AD10021D231 /* PBXTargetDependency */ = {
			isa = PBXTargetDependency;
			target = CE5DB0DF2B696ACD0021D231 /* HopSkipDrive */;
			targetProxy = CE5DB1012B696AD10021D231 /* PBXContainerItemProxy */;
		};
/* End PBXTargetDependency section */

/* Begin PBXVariantGroup section */
		CE5DB0EE2B696AD10021D231 /* LaunchScreen.storyboard */ = {
			isa = PBXVariantGroup;
			children = (
				CE5DB0EF2B696AD10021D231 /* Base */,
			);
			name = LaunchScreen.storyboard;
			sourceTree = "<group>";
		};
/* End PBXVariantGroup section */

/* Begin XCBuildConfiguration section */
		CE5DB1082B696AD10021D231 /* Debug */ = {
			isa = XCBuildConfiguration;
			buildSettings = {
				ALWAYS_SEARCH_USER_PATHS = NO;
				CLANG_ANALYZER_NONNULL = YES;
				CLANG_ANALYZER_NUMBER_OBJECT_CONVERSION = YES_AGGRESSIVE;
				CLANG_CXX_LANGUAGE_STANDARD = "gnu++20";
				CLANG_ENABLE_MODULES = YES;
				CLANG_ENABLE_OBJC_ARC = YES;
				CLANG_ENABLE_OBJC_WEAK = YES;
				CLANG_WARN_BLOCK_CAPTURE_AUTORELEASING = YES;
				CLANG_WARN_BOOL_CONVERSION = YES;
				CLANG_WARN_COMMA = YES;
				CLANG_WARN_CONSTANT_CONVERSION = YES;
				CLANG_WARN_DEPRECATED_OBJC_IMPLEMENTATIONS = YES;
				CLANG_WARN_DIRECT_OBJC_ISA_USAGE = YES_ERROR;
				CLANG_WARN_DOCUMENTATION_COMMENTS = YES;
				CLANG_WARN_EMPTY_BODY = YES;
				CLANG_WARN_ENUM_CONVERSION = YES;
				CLANG_WARN_INFINITE_RECURSION = YES;
				CLANG_WARN_INT_CONVERSION = YES;
				CLANG_WARN_NON_LITERAL_NULL_CONVERSION = YES;
				CLANG_WARN_OBJC_IMPLICIT_RETAIN_SELF = YES;
				CLANG_WARN_OBJC_LITERAL_CONVERSION = YES;
				CLANG_WARN_OBJC_ROOT_CLASS = YES_ERROR;
				CLANG_WARN_QUOTED_INCLUDE_IN_FRAMEWORK_HEADER = YES;
				CLANG_WARN_RANGE_LOOP_ANALYSIS = YES;
				CLANG_WARN_STRICT_PROTOTYPES = YES;
				CLANG_WARN_SUSPICIOUS_MOVE = YES;
				CLANG_WARN_UNGUARDED_AVAILABILITY = YES_AGGRESSIVE;
				CLANG_WARN_UNREACHABLE_CODE = YES;
				CLANG_WARN__DUPLICATE_METHOD_MATCH = YES;
				COPY_PHASE_STRIP = NO;
				DEBUG_INFORMATION_FORMAT = dwarf;
				ENABLE_STRICT_OBJC_MSGSEND = YES;
				ENABLE_TESTABILITY = YES;
				GCC_C_LANGUAGE_STANDARD = gnu11;
				GCC_DYNAMIC_NO_PIC = NO;
				GCC_NO_COMMON_BLOCKS = YES;
				GCC_OPTIMIZATION_LEVEL = 0;
				GCC_PREPROCESSOR_DEFINITIONS = (
					"DEBUG=1",
					"$(inherited)",
				);
				GCC_WARN_64_TO_32_BIT_CONVERSION = YES;
				GCC_WARN_ABOUT_RETURN_TYPE = YES_ERROR;
				GCC_WARN_UNDECLARED_SELECTOR = YES;
				GCC_WARN_UNINITIALIZED_AUTOS = YES_AGGRESSIVE;
				GCC_WARN_UNUSED_FUNCTION = YES;
				GCC_WARN_UNUSED_VARIABLE = YES;
				IPHONEOS_DEPLOYMENT_TARGET = 16.4;
				MTL_ENABLE_DEBUG_INFO = INCLUDE_SOURCE;
				MTL_FAST_MATH = YES;
				ONLY_ACTIVE_ARCH = YES;
				SDKROOT = iphoneos;
				SWIFT_ACTIVE_COMPILATION_CONDITIONS = DEBUG;
				SWIFT_OPTIMIZATION_LEVEL = "-Onone";
			};
			name = Debug;
		};
		CE5DB1092B696AD10021D231 /* Release */ = {
			isa = XCBuildConfiguration;
			buildSettings = {
				ALWAYS_SEARCH_USER_PATHS = NO;
				CLANG_ANALYZER_NONNULL = YES;
				CLANG_ANALYZER_NUMBER_OBJECT_CONVERSION = YES_AGGRESSIVE;
				CLANG_CXX_LANGUAGE_STANDARD = "gnu++20";
				CLANG_ENABLE_MODULES = YES;
				CLANG_ENABLE_OBJC_ARC = YES;
				CLANG_ENABLE_OBJC_WEAK = YES;
				CLANG_WARN_BLOCK_CAPTURE_AUTORELEASING = YES;
				CLANG_WARN_BOOL_CONVERSION = YES;
				CLANG_WARN_COMMA = YES;
				CLANG_WARN_CONSTANT_CONVERSION = YES;
				CLANG_WARN_DEPRECATED_OBJC_IMPLEMENTATIONS = YES;
				CLANG_WARN_DIRECT_OBJC_ISA_USAGE = YES_ERROR;
				CLANG_WARN_DOCUMENTATION_COMMENTS = YES;
				CLANG_WARN_EMPTY_BODY = YES;
				CLANG_WARN_ENUM_CONVERSION = YES;
				CLANG_WARN_INFINITE_RECURSION = YES;
				CLANG_WARN_INT_CONVERSION = YES;
				CLANG_WARN_NON_LITERAL_NULL_CONVERSION = YES;
				CLANG_WARN_OBJC_IMPLICIT_RETAIN_SELF = YES;
				CLANG_WARN_OBJC_LITERAL_CONVERSION = YES;
				CLANG_WARN_OBJC_ROOT_CLASS = YES_ERROR;
				CLANG_WARN_QUOTED_INCLUDE_IN_FRAMEWORK_HEADER = YES;
				CLANG_WARN_RANGE_LOOP_ANALYSIS = YES;
				CLANG_WARN_STRICT_PROTOTYPES = YES;
				CLANG_WARN_SUSPICIOUS_MOVE = YES;
				CLANG_WARN_UNGUARDED_AVAILABILITY = YES_AGGRESSIVE;
				CLANG_WARN_UNREACHABLE_CODE = YES;
				CLANG_WARN__DUPLICATE_METHOD_MATCH = YES;
				COPY_PHASE_STRIP = NO;
				DEBUG_INFORMATION_FORMAT = "dwarf-with-dsym";
				ENABLE_NS_ASSERTIONS = NO;
				ENABLE_STRICT_OBJC_MSGSEND = YES;
				GCC_C_LANGUAGE_STANDARD = gnu11;
				GCC_NO_COMMON_BLOCKS = YES;
				GCC_WARN_64_TO_32_BIT_CONVERSION = YES;
				GCC_WARN_ABOUT_RETURN_TYPE = YES_ERROR;
				GCC_WARN_UNDECLARED_SELECTOR = YES;
				GCC_WARN_UNINITIALIZED_AUTOS = YES_AGGRESSIVE;
				GCC_WARN_UNUSED_FUNCTION = YES;
				GCC_WARN_UNUSED_VARIABLE = YES;
				IPHONEOS_DEPLOYMENT_TARGET = 16.4;
				MTL_ENABLE_DEBUG_INFO = NO;
				MTL_FAST_MATH = YES;
				SDKROOT = iphoneos;
				SWIFT_COMPILATION_MODE = wholemodule;
				SWIFT_OPTIMIZATION_LEVEL = "-O";
				VALIDATE_PRODUCT = YES;
			};
			name = Release;
		};
		CE5DB10B2B696AD10021D231 /* Debug */ = {
			isa = XCBuildConfiguration;
			buildSettings = {
				ASSETCATALOG_COMPILER_APPICON_NAME = AppIcon;
				ASSETCATALOG_COMPILER_GLOBAL_ACCENT_COLOR_NAME = AccentColor;
				CODE_SIGN_STYLE = Automatic;
				CURRENT_PROJECT_VERSION = 1;
				DEVELOPMENT_TEAM = VX452D4486;
				GENERATE_INFOPLIST_FILE = YES;
				INFOPLIST_FILE = HopSkipDrive/Info.plist;
				INFOPLIST_KEY_UIApplicationSupportsIndirectInputEvents = YES;
				INFOPLIST_KEY_UILaunchStoryboardName = LaunchScreen;
				INFOPLIST_KEY_UISupportedInterfaceOrientations_iPad = "UIInterfaceOrientationPortrait UIInterfaceOrientationPortraitUpsideDown UIInterfaceOrientationLandscapeLeft UIInterfaceOrientationLandscapeRight";
				INFOPLIST_KEY_UISupportedInterfaceOrientations_iPhone = "UIInterfaceOrientationPortrait UIInterfaceOrientationLandscapeLeft UIInterfaceOrientationLandscapeRight";
				LD_RUNPATH_SEARCH_PATHS = (
					"$(inherited)",
					"@executable_path/Frameworks",
				);
				MARKETING_VERSION = 1.0;
				PRODUCT_BUNDLE_IDENTIFIER = com.nikkitran.HopSkipDrive;
				PRODUCT_NAME = "$(TARGET_NAME)";
				SWIFT_EMIT_LOC_STRINGS = YES;
				SWIFT_VERSION = 5.0;
				TARGETED_DEVICE_FAMILY = "1,2";
			};
			name = Debug;
		};
		CE5DB10C2B696AD10021D231 /* Release */ = {
			isa = XCBuildConfiguration;
			buildSettings = {
				ASSETCATALOG_COMPILER_APPICON_NAME = AppIcon;
				ASSETCATALOG_COMPILER_GLOBAL_ACCENT_COLOR_NAME = AccentColor;
				CODE_SIGN_STYLE = Automatic;
				CURRENT_PROJECT_VERSION = 1;
				DEVELOPMENT_TEAM = VX452D4486;
				GENERATE_INFOPLIST_FILE = YES;
				INFOPLIST_FILE = HopSkipDrive/Info.plist;
				INFOPLIST_KEY_UIApplicationSupportsIndirectInputEvents = YES;
				INFOPLIST_KEY_UILaunchStoryboardName = LaunchScreen;
				INFOPLIST_KEY_UISupportedInterfaceOrientations_iPad = "UIInterfaceOrientationPortrait UIInterfaceOrientationPortraitUpsideDown UIInterfaceOrientationLandscapeLeft UIInterfaceOrientationLandscapeRight";
				INFOPLIST_KEY_UISupportedInterfaceOrientations_iPhone = "UIInterfaceOrientationPortrait UIInterfaceOrientationLandscapeLeft UIInterfaceOrientationLandscapeRight";
				LD_RUNPATH_SEARCH_PATHS = (
					"$(inherited)",
					"@executable_path/Frameworks",
				);
				MARKETING_VERSION = 1.0;
				PRODUCT_BUNDLE_IDENTIFIER = com.nikkitran.HopSkipDrive;
				PRODUCT_NAME = "$(TARGET_NAME)";
				SWIFT_EMIT_LOC_STRINGS = YES;
				SWIFT_VERSION = 5.0;
				TARGETED_DEVICE_FAMILY = "1,2";
			};
			name = Release;
		};
		CE5DB10E2B696AD10021D231 /* Debug */ = {
			isa = XCBuildConfiguration;
			buildSettings = {
				ALWAYS_EMBED_SWIFT_STANDARD_LIBRARIES = YES;
				BUNDLE_LOADER = "$(TEST_HOST)";
				CODE_SIGN_STYLE = Automatic;
				CURRENT_PROJECT_VERSION = 1;
				DEVELOPMENT_TEAM = VX452D4486;
				GENERATE_INFOPLIST_FILE = YES;
				IPHONEOS_DEPLOYMENT_TARGET = 16.4;
				MARKETING_VERSION = 1.0;
				PRODUCT_BUNDLE_IDENTIFIER = com.nikkitran.HopSkipDriveTests;
				PRODUCT_NAME = "$(TARGET_NAME)";
				SWIFT_EMIT_LOC_STRINGS = NO;
				SWIFT_VERSION = 5.0;
				TARGETED_DEVICE_FAMILY = "1,2";
				TEST_HOST = "$(BUILT_PRODUCTS_DIR)/HopSkipDrive.app/$(BUNDLE_EXECUTABLE_FOLDER_PATH)/HopSkipDrive";
			};
			name = Debug;
		};
		CE5DB10F2B696AD10021D231 /* Release */ = {
			isa = XCBuildConfiguration;
			buildSettings = {
				ALWAYS_EMBED_SWIFT_STANDARD_LIBRARIES = YES;
				BUNDLE_LOADER = "$(TEST_HOST)";
				CODE_SIGN_STYLE = Automatic;
				CURRENT_PROJECT_VERSION = 1;
				DEVELOPMENT_TEAM = VX452D4486;
				GENERATE_INFOPLIST_FILE = YES;
				IPHONEOS_DEPLOYMENT_TARGET = 16.4;
				MARKETING_VERSION = 1.0;
				PRODUCT_BUNDLE_IDENTIFIER = com.nikkitran.HopSkipDriveTests;
				PRODUCT_NAME = "$(TARGET_NAME)";
				SWIFT_EMIT_LOC_STRINGS = NO;
				SWIFT_VERSION = 5.0;
				TARGETED_DEVICE_FAMILY = "1,2";
				TEST_HOST = "$(BUILT_PRODUCTS_DIR)/HopSkipDrive.app/$(BUNDLE_EXECUTABLE_FOLDER_PATH)/HopSkipDrive";
			};
			name = Release;
		};
		CE5DB1112B696AD10021D231 /* Debug */ = {
			isa = XCBuildConfiguration;
			buildSettings = {
				ALWAYS_EMBED_SWIFT_STANDARD_LIBRARIES = YES;
				CODE_SIGN_STYLE = Automatic;
				CURRENT_PROJECT_VERSION = 1;
				DEVELOPMENT_TEAM = VX452D4486;
				GENERATE_INFOPLIST_FILE = YES;
				MARKETING_VERSION = 1.0;
				PRODUCT_BUNDLE_IDENTIFIER = com.nikkitran.HopSkipDriveUITests;
				PRODUCT_NAME = "$(TARGET_NAME)";
				SWIFT_EMIT_LOC_STRINGS = NO;
				SWIFT_VERSION = 5.0;
				TARGETED_DEVICE_FAMILY = "1,2";
				TEST_TARGET_NAME = HopSkipDrive;
			};
			name = Debug;
		};
		CE5DB1122B696AD10021D231 /* Release */ = {
			isa = XCBuildConfiguration;
			buildSettings = {
				ALWAYS_EMBED_SWIFT_STANDARD_LIBRARIES = YES;
				CODE_SIGN_STYLE = Automatic;
				CURRENT_PROJECT_VERSION = 1;
				DEVELOPMENT_TEAM = VX452D4486;
				GENERATE_INFOPLIST_FILE = YES;
				MARKETING_VERSION = 1.0;
				PRODUCT_BUNDLE_IDENTIFIER = com.nikkitran.HopSkipDriveUITests;
				PRODUCT_NAME = "$(TARGET_NAME)";
				SWIFT_EMIT_LOC_STRINGS = NO;
				SWIFT_VERSION = 5.0;
				TARGETED_DEVICE_FAMILY = "1,2";
				TEST_TARGET_NAME = HopSkipDrive;
			};
			name = Release;
		};
/* End XCBuildConfiguration section */

/* Begin XCConfigurationList section */
		CE5DB0DB2B696ACD0021D231 /* Build configuration list for PBXProject "HopSkipDrive" */ = {
			isa = XCConfigurationList;
			buildConfigurations = (
				CE5DB1082B696AD10021D231 /* Debug */,
				CE5DB1092B696AD10021D231 /* Release */,
			);
			defaultConfigurationIsVisible = 0;
			defaultConfigurationName = Release;
		};
		CE5DB10A2B696AD10021D231 /* Build configuration list for PBXNativeTarget "HopSkipDrive" */ = {
			isa = XCConfigurationList;
			buildConfigurations = (
				CE5DB10B2B696AD10021D231 /* Debug */,
				CE5DB10C2B696AD10021D231 /* Release */,
			);
			defaultConfigurationIsVisible = 0;
			defaultConfigurationName = Release;
		};
		CE5DB10D2B696AD10021D231 /* Build configuration list for PBXNativeTarget "HopSkipDriveTests" */ = {
			isa = XCConfigurationList;
			buildConfigurations = (
				CE5DB10E2B696AD10021D231 /* Debug */,
				CE5DB10F2B696AD10021D231 /* Release */,
			);
			defaultConfigurationIsVisible = 0;
			defaultConfigurationName = Release;
		};
		CE5DB1102B696AD10021D231 /* Build configuration list for PBXNativeTarget "HopSkipDriveUITests" */ = {
			isa = XCConfigurationList;
			buildConfigurations = (
				CE5DB1112B696AD10021D231 /* Debug */,
				CE5DB1122B696AD10021D231 /* Release */,
			);
			defaultConfigurationIsVisible = 0;
			defaultConfigurationName = Release;
		};
/* End XCConfigurationList section */
	};
	rootObject = CE5DB0D82B696ACD0021D231 /* Project object */;
}
